
Microsoft Visual Studio Solution File, Format Version 12.00
# Visual Studio Version 16
VisualStudioVersion = 16.0.31112.23
MinimumVisualStudioVersion = 10.0.40219.1
Project("{9A19103F-16F7-4668-BE54-9A1E7A4F7556}") = "Discord-Custom-Rich-Presence-Auto-Setter", "Discord-Custom-Rich-Presence-Auto-Setter\Discord-Custom-Rich-Presence-Auto-Setter.csproj", "{E58FD01C-6B7E-4B1B-AC46-C417CEC84205}"
EndProject
Project("{9A19103F-16F7-4668-BE54-9A1E7A4F7556}") = "GameSDK", "GameSDK\GameSDK.csproj", "{1F1A1109-A16E-4D1F-AB3C-74536CE2B69A}"
EndProject
Project("{C7167F0D-BC9F-4E6E-AFE1-012C56B48DB5}") = "DCRPAS-Package", "DCRPAS-Package\DCRPAS-Package.wapproj", "{0F465012-AB7D-4835-8487-EA740039E317}"
EndProject
Global
	GlobalSection(SolutionConfigurationPlatforms) = preSolution
		Debug|Any CPU = Debug|Any CPU
		Debug|ARM = Debug|ARM
		Debug|ARM64 = Debug|ARM64
		Debug|x64 = Debug|x64
		Debug|x86 = Debug|x86
		Release|Any CPU = Release|Any CPU
		Release|ARM = Release|ARM
		Release|ARM64 = Release|ARM64
		Release|x64 = Release|x64
		Release|x86 = Release|x86
	EndGlobalSection
	GlobalSection(ProjectConfigurationPlatforms) = postSolution
		{E58FD01C-6B7E-4B1B-AC46-C417CEC84205}.Debug|Any CPU.ActiveCfg = Debug|Any CPU
		{E58FD01C-6B7E-4B1B-AC46-C417CEC84205}.Debug|Any CPU.Build.0 = Debug|Any CPU
		{E58FD01C-6B7E-4B1B-AC46-C417CEC84205}.Debug|ARM.ActiveCfg = Debug|Any CPU
		{E58FD01C-6B7E-4B1B-AC46-C417CEC84205}.Debug|ARM.Build.0 = Debug|Any CPU
		{E58FD01C-6B7E-4B1B-AC46-C417CEC84205}.Debug|ARM64.ActiveCfg = Debug|Any CPU
		{E58FD01C-6B7E-4B1B-AC46-C417CEC84205}.Debug|ARM64.Build.0 = Debug|Any CPU
		{E58FD01C-6B7E-4B1B-AC46-C417CEC84205}.Debug|x64.ActiveCfg = Debug|x64
		{E58FD01C-6B7E-4B1B-AC46-C417CEC84205}.Debug|x64.Build.0 = Debug|x64
		{E58FD01C-6B7E-4B1B-AC46-C417CEC84205}.Debug|x86.ActiveCfg = Debug|x86
		{E58FD01C-6B7E-4B1B-AC46-C417CEC84205}.Debug|x86.Build.0 = Debug|x86
		{E58FD01C-6B7E-4B1B-AC46-C417CEC84205}.Release|Any CPU.ActiveCfg = Release|Any CPU
		{E58FD01C-6B7E-4B1B-AC46-C417CEC84205}.Release|Any CPU.Build.0 = Release|Any CPU
		{E58FD01C-6B7E-4B1B-AC46-C417CEC84205}.Release|ARM.ActiveCfg = Release|Any CPU
		{E58FD01C-6B7E-4B1B-AC46-C417CEC84205}.Release|ARM.Build.0 = Release|Any CPU
		{E58FD01C-6B7E-4B1B-AC46-C417CEC84205}.Release|ARM64.ActiveCfg = Release|Any CPU
		{E58FD01C-6B7E-4B1B-AC46-C417CEC84205}.Release|ARM64.Build.0 = Release|Any CPU
		{E58FD01C-6B7E-4B1B-AC46-C417CEC84205}.Release|x64.ActiveCfg = Release|x64
		{E58FD01C-6B7E-4B1B-AC46-C417CEC84205}.Release|x64.Build.0 = Release|x64
		{E58FD01C-6B7E-4B1B-AC46-C417CEC84205}.Release|x86.ActiveCfg = Release|x86
		{E58FD01C-6B7E-4B1B-AC46-C417CEC84205}.Release|x86.Build.0 = Release|x86
		{1F1A1109-A16E-4D1F-AB3C-74536CE2B69A}.Debug|Any CPU.ActiveCfg = Debug|Any CPU
		{1F1A1109-A16E-4D1F-AB3C-74536CE2B69A}.Debug|Any CPU.Build.0 = Debug|Any CPU
		{1F1A1109-A16E-4D1F-AB3C-74536CE2B69A}.Debug|ARM.ActiveCfg = Debug|Any CPU
		{1F1A1109-A16E-4D1F-AB3C-74536CE2B69A}.Debug|ARM.Build.0 = Debug|Any CPU
		{1F1A1109-A16E-4D1F-AB3C-74536CE2B69A}.Debug|ARM64.ActiveCfg = Debug|Any CPU
		{1F1A1109-A16E-4D1F-AB3C-74536CE2B69A}.Debug|ARM64.Build.0 = Debug|Any CPU
		{1F1A1109-A16E-4D1F-AB3C-74536CE2B69A}.Debug|x64.ActiveCfg = Debug|x64
		{1F1A1109-A16E-4D1F-AB3C-74536CE2B69A}.Debug|x64.Build.0 = Debug|x64
		{1F1A1109-A16E-4D1F-AB3C-74536CE2B69A}.Debug|x86.ActiveCfg = Debug|Any CPU
		{1F1A1109-A16E-4D1F-AB3C-74536CE2B69A}.Debug|x86.Build.0 = Debug|Any CPU
		{1F1A1109-A16E-4D1F-AB3C-74536CE2B69A}.Release|Any CPU.ActiveCfg = Release|Any CPU
		{1F1A1109-A16E-4D1F-AB3C-74536CE2B69A}.Release|Any CPU.Build.0 = Release|Any CPU
		{1F1A1109-A16E-4D1F-AB3C-74536CE2B69A}.Release|ARM.ActiveCfg = Release|Any CPU
		{1F1A1109-A16E-4D1F-AB3C-74536CE2B69A}.Release|ARM.Build.0 = Release|Any CPU
		{1F1A1109-A16E-4D1F-AB3C-74536CE2B69A}.Release|ARM64.ActiveCfg = Release|Any CPU
		{1F1A1109-A16E-4D1F-AB3C-74536CE2B69A}.Release|ARM64.Build.0 = Release|Any CPU
		{1F1A1109-A16E-4D1F-AB3C-74536CE2B69A}.Release|x64.ActiveCfg = Release|Any CPU
		{1F1A1109-A16E-4D1F-AB3C-74536CE2B69A}.Release|x64.Build.0 = Release|Any CPU
		{1F1A1109-A16E-4D1F-AB3C-74536CE2B69A}.Release|x86.ActiveCfg = Release|Any CPU
		{1F1A1109-A16E-4D1F-AB3C-74536CE2B69A}.Release|x86.Build.0 = Release|Any CPU
		{0F465012-AB7D-4835-8487-EA740039E317}.Debug|Any CPU.ActiveCfg = Debug|Any CPU
		{0F465012-AB7D-4835-8487-EA740039E317}.Debug|Any CPU.Build.0 = Debug|Any CPU
		{0F465012-AB7D-4835-8487-EA740039E317}.Debug|Any CPU.Deploy.0 = Debug|Any CPU
		{0F465012-AB7D-4835-8487-EA740039E317}.Debug|ARM.ActiveCfg = Debug|ARM
		{0F465012-AB7D-4835-8487-EA740039E317}.Debug|ARM.Build.0 = Debug|ARM
		{0F465012-AB7D-4835-8487-EA740039E317}.Debug|ARM.Deploy.0 = Debug|ARM
		{0F465012-AB7D-4835-8487-EA740039E317}.Debug|ARM64.ActiveCfg = Debug|ARM64
		{0F465012-AB7D-4835-8487-EA740039E317}.Debug|ARM64.Build.0 = Debug|ARM64
		{0F465012-AB7D-4835-8487-EA740039E317}.Debug|ARM64.Deploy.0 = Debug|ARM64
		{0F465012-AB7D-4835-8487-EA740039E317}.Debug|x64.ActiveCfg = Debug|x64
		{0F465012-AB7D-4835-8487-EA740039E317}.Debug|x64.Build.0 = Debug|x64
		{0F465012-AB7D-4835-8487-EA740039E317}.Debug|x64.Deploy.0 = Debug|x64
		{0F465012-AB7D-4835-8487-EA740039E317}.Debug|x86.ActiveCfg = Debug|x86
		{0F465012-AB7D-4835-8487-EA740039E317}.Debug|x86.Build.0 = Debug|x86
		{0F465012-AB7D-4835-8487-EA740039E317}.Debug|x86.Deploy.0 = Debug|x86
		{0F465012-AB7D-4835-8487-EA740039E317}.Release|Any CPU.ActiveCfg = Release|Any CPU
		{0F465012-AB7D-4835-8487-EA740039E317}.Release|Any CPU.Build.0 = Release|Any CPU
		{0F465012-AB7D-4835-8487-EA740039E317}.Release|Any CPU.Deploy.0 = Release|Any CPU
		{0F465012-AB7D-4835-8487-EA740039E317}.Release|ARM.ActiveCfg = Release|ARM
		{0F465012-AB7D-4835-8487-EA740039E317}.Release|ARM.Build.0 = Release|ARM
		{0F465012-AB7D-4835-8487-EA740039E317}.Release|ARM.Deploy.0 = Release|ARM
		{0F465012-AB7D-4835-8487-EA740039E317}.Release|ARM64.ActiveCfg = Release|ARM64
		{0F465012-AB7D-4835-8487-EA740039E317}.Release|ARM64.Build.0 = Release|ARM64
		{0F465012-AB7D-4835-8487-EA740039E317}.Release|ARM64.Deploy.0 = Release|ARM64
		{0F465012-AB7D-4835-8487-EA740039E317}.Release|x64.ActiveCfg = Release|x64
		{0F465012-AB7D-4835-8487-EA740039E317}.Release|x64.Build.0 = Release|x64
		{0F465012-AB7D-4835-8487-EA740039E317}.Release|x64.Deploy.0 = Release|x64
		{0F465012-AB7D-4835-8487-EA740039E317}.Release|x86.ActiveCfg = Release|x86
		{0F465012-AB7D-4835-8487-EA740039E317}.Release|x86.Build.0 = Release|x86
		{0F465012-AB7D-4835-8487-EA740039E317}.Release|x86.Deploy.0 = Release|x86
	EndGlobalSection
	GlobalSection(SolutionProperties) = preSolution
		HideSolutionNode = FALSE
	EndGlobalSection
	GlobalSection(ExtensibilityGlobals) = postSolution
		SolutionGuid = {2C99BEAD-1463-4823-B5F9-AE1DBF25DE8D}
	EndGlobalSection
EndGlobal
